
Microsoft Visual Studio Solution File, Format Version 12.00
# Visual Studio Version 17
VisualStudioVersion = 17.8.34330.188
MinimumVisualStudioVersion = 10.0.40219.1
Project("{9A19103F-16F7-4668-BE54-9A1E7A4F7556}") = "Frontend1", "Frontend1\Frontend1.csproj", "{D1FA9B32-377F-4EF9-840B-33F55D4592C7}"
EndProject
Global
	GlobalSection(SolutionConfigurationPlatforms) = preSolution
		Debug|Any CPU = Debug|Any CPU
		Release|Any CPU = Release|Any CPU
	EndGlobalSection
	GlobalSection(ProjectConfigurationPlatforms) = postSolution
		{D1FA9B32-377F-4EF9-840B-33F55D4592C7}.Debug|Any CPU.ActiveCfg = Debug|Any CPU
		{D1FA9B32-377F-4EF9-840B-33F55D4592C7}.Debug|Any CPU.Build.0 = Debug|Any CPU
		{D1FA9B32-377F-4EF9-840B-33F55D4592C7}.Release|Any CPU.ActiveCfg = Release|Any CPU
		{D1FA9B32-377F-4EF9-840B-33F55D4592C7}.Release|Any CPU.Build.0 = Release|Any CPU
	EndGlobalSection
	GlobalSection(SolutionProperties) = preSolution
		HideSolutionNode = FALSE
	EndGlobalSection
EndGlobal
